
Microsoft Visual Studio Solution File, Format Version 12.00
# Visual Studio Version 17
VisualStudioVersion = 17.1.32328.378
MinimumVisualStudioVersion = 10.0.40219.1
Project("{2150E333-8FDC-42A3-9474-1A3956D46DE8}") = "01. Clients", "01. Clients", "{C42168DD-2F02-4092-A3CA-FA1E233D96C1}"
EndProject
Project("{2150E333-8FDC-42A3-9474-1A3956D46DE8}") = "02. Gateways", "02. Gateways", "{6E2B4764-C731-4AD9-A2E7-AC7E32C08280}"
EndProject
Project("{2150E333-8FDC-42A3-9474-1A3956D46DE8}") = "03. Services", "03. Services", "{64E10705-CFA5-496E-B3E9-A5311AF4D61C}"
EndProject
Project("{2150E333-8FDC-42A3-9474-1A3956D46DE8}") = "01. Identity", "01. Identity", "{508DB4DA-5B39-420C-9533-8511E99D0DFD}"
EndProject
Project("{2150E333-8FDC-42A3-9474-1A3956D46DE8}") = "02. Catalog", "02. Catalog", "{A9C62431-5EB7-4B6D-8DF3-A0ADF7CC698C}"
EndProject
Project("{2150E333-8FDC-42A3-9474-1A3956D46DE8}") = "03. Customer", "03. Customer", "{A4AF555D-5ABA-42B1-935A-57C13F8317B0}"
EndProject
Project("{2150E333-8FDC-42A3-9474-1A3956D46DE8}") = "04. Order", "04. Order", "{0692E18F-1C49-44CE-AF65-1DEA2D932DD1}"
EndProject
Project("{FAE04EC0-301F-11D3-BF4B-00C04F79EFBC}") = "Catalog.Api", "MOSHIN.Commerce\src\Services\Catalog\Catalog.Api\Catalog.Api.csproj", "{D29C33A5-1E71-4364-9A64-0E1465A004CE}"
EndProject
Project("{2150E333-8FDC-42A3-9474-1A3956D46DE8}") = "01. API", "01. API", "{1CD6D0D3-00AF-4328-9EDF-EF34790ECB30}"
EndProject
Project("{2150E333-8FDC-42A3-9474-1A3956D46DE8}") = "02. Services", "02. Services", "{4192196B-8D1A-46C7-880F-1E1EB86B076D}"
EndProject
Project("{2150E333-8FDC-42A3-9474-1A3956D46DE8}") = "03. Persistence", "03. Persistence", "{C58FEEE9-EE42-4E63-AE40-A9866121A842}"
EndProject
Project("{2150E333-8FDC-42A3-9474-1A3956D46DE8}") = "04. Models", "04. Models", "{16D0E100-8457-438B-9655-CB8B9A2F333A}"
EndProject
Project("{FAE04EC0-301F-11D3-BF4B-00C04F79EFBC}") = "Catalog.Domain", "MOSHIN.Commerce\src\Services\Catalog\Catalog.Domain\Catalog.Domain.csproj", "{2095A734-165F-4BC2-91E9-43781ED615FD}"
EndProject
Project("{FAE04EC0-301F-11D3-BF4B-00C04F79EFBC}") = "Catalog.PersistenceDatabase", "MOSHIN.Commerce\src\Services\Catalog\Catalog.PersistenceDatabase\Catalog.PersistenceDatabase.csproj", "{226B0B54-F4B8-4C33-8C54-4810556C5BE5}"
EndProject
Project("{FAE04EC0-301F-11D3-BF4B-00C04F79EFBC}") = "Catalog.ServiceQueries", "MOSHIN.Commerce\src\Services\Catalog\Catalog.ServiceQueries\Catalog.ServiceQueries.csproj", "{4F1181B2-B274-41C4-9EC5-4CF6B4AAB295}"
EndProject
Project("{2150E333-8FDC-42A3-9474-1A3956D46DE8}") = "Common", "Common", "{0813B34C-009B-4D64-949A-D8631FAD76F7}"
EndProject
Project("{FAE04EC0-301F-11D3-BF4B-00C04F79EFBC}") = "Service.Common.Collection", "MOSHIN.Commerce\src\Services\Common\Service.Common.Collection\Service.Common.Collection.csproj", "{0B7C7FC3-D160-41F6-ABC6-D0D9AB82225F}"
EndProject
Project("{FAE04EC0-301F-11D3-BF4B-00C04F79EFBC}") = "Service.Common.Mapping", "MOSHIN.Commerce\src\Services\Common\Service.Common.Mapping\Service.Common.Mapping.csproj", "{D1F8B57F-D890-4344-AE4A-6C085DB159B8}"
EndProject
Project("{FAE04EC0-301F-11D3-BF4B-00C04F79EFBC}") = "Service.Common.Paging", "MOSHIN.Commerce\src\Services\Common\Service.Common.Paging\Service.Common.Paging.csproj", "{85177DDD-D2FF-43E9-A132-9F3F80DE2FC5}"
EndProject
Global
	GlobalSection(SolutionConfigurationPlatforms) = preSolution
		Debug|Any CPU = Debug|Any CPU
		Release|Any CPU = Release|Any CPU
	EndGlobalSection
	GlobalSection(ProjectConfigurationPlatforms) = postSolution
		{D29C33A5-1E71-4364-9A64-0E1465A004CE}.Debug|Any CPU.ActiveCfg = Debug|Any CPU
		{D29C33A5-1E71-4364-9A64-0E1465A004CE}.Debug|Any CPU.Build.0 = Debug|Any CPU
		{D29C33A5-1E71-4364-9A64-0E1465A004CE}.Release|Any CPU.ActiveCfg = Release|Any CPU
		{D29C33A5-1E71-4364-9A64-0E1465A004CE}.Release|Any CPU.Build.0 = Release|Any CPU
		{2095A734-165F-4BC2-91E9-43781ED615FD}.Debug|Any CPU.ActiveCfg = Debug|Any CPU
		{2095A734-165F-4BC2-91E9-43781ED615FD}.Debug|Any CPU.Build.0 = Debug|Any CPU
		{2095A734-165F-4BC2-91E9-43781ED615FD}.Release|Any CPU.ActiveCfg = Release|Any CPU
		{2095A734-165F-4BC2-91E9-43781ED615FD}.Release|Any CPU.Build.0 = Release|Any CPU
		{226B0B54-F4B8-4C33-8C54-4810556C5BE5}.Debug|Any CPU.ActiveCfg = Debug|Any CPU
		{226B0B54-F4B8-4C33-8C54-4810556C5BE5}.Debug|Any CPU.Build.0 = Debug|Any CPU
		{226B0B54-F4B8-4C33-8C54-4810556C5BE5}.Release|Any CPU.ActiveCfg = Release|Any CPU
		{226B0B54-F4B8-4C33-8C54-4810556C5BE5}.Release|Any CPU.Build.0 = Release|Any CPU
		{4F1181B2-B274-41C4-9EC5-4CF6B4AAB295}.Debug|Any CPU.ActiveCfg = Debug|Any CPU
		{4F1181B2-B274-41C4-9EC5-4CF6B4AAB295}.Debug|Any CPU.Build.0 = Debug|Any CPU
		{4F1181B2-B274-41C4-9EC5-4CF6B4AAB295}.Release|Any CPU.ActiveCfg = Release|Any CPU
		{4F1181B2-B274-41C4-9EC5-4CF6B4AAB295}.Release|Any CPU.Build.0 = Release|Any CPU
		{0B7C7FC3-D160-41F6-ABC6-D0D9AB82225F}.Debug|Any CPU.ActiveCfg = Debug|Any CPU
		{0B7C7FC3-D160-41F6-ABC6-D0D9AB82225F}.Debug|Any CPU.Build.0 = Debug|Any CPU
		{0B7C7FC3-D160-41F6-ABC6-D0D9AB82225F}.Release|Any CPU.ActiveCfg = Release|Any CPU
		{0B7C7FC3-D160-41F6-ABC6-D0D9AB82225F}.Release|Any CPU.Build.0 = Release|Any CPU
		{D1F8B57F-D890-4344-AE4A-6C085DB159B8}.Debug|Any CPU.ActiveCfg = Debug|Any CPU
		{D1F8B57F-D890-4344-AE4A-6C085DB159B8}.Debug|Any CPU.Build.0 = Debug|Any CPU
		{D1F8B57F-D890-4344-AE4A-6C085DB159B8}.Release|Any CPU.ActiveCfg = Release|Any CPU
		{D1F8B57F-D890-4344-AE4A-6C085DB159B8}.Release|Any CPU.Build.0 = Release|Any CPU
		{85177DDD-D2FF-43E9-A132-9F3F80DE2FC5}.Debug|Any CPU.ActiveCfg = Debug|Any CPU
		{85177DDD-D2FF-43E9-A132-9F3F80DE2FC5}.Debug|Any CPU.Build.0 = Debug|Any CPU
		{85177DDD-D2FF-43E9-A132-9F3F80DE2FC5}.Release|Any CPU.ActiveCfg = Release|Any CPU
		{85177DDD-D2FF-43E9-A132-9F3F80DE2FC5}.Release|Any CPU.Build.0 = Release|Any CPU
	EndGlobalSection
	GlobalSection(SolutionProperties) = preSolution
		HideSolutionNode = FALSE
	EndGlobalSection
	GlobalSection(NestedProjects) = preSolution
		{508DB4DA-5B39-420C-9533-8511E99D0DFD} = {64E10705-CFA5-496E-B3E9-A5311AF4D61C}
		{A9C62431-5EB7-4B6D-8DF3-A0ADF7CC698C} = {64E10705-CFA5-496E-B3E9-A5311AF4D61C}
		{A4AF555D-5ABA-42B1-935A-57C13F8317B0} = {64E10705-CFA5-496E-B3E9-A5311AF4D61C}
		{0692E18F-1C49-44CE-AF65-1DEA2D932DD1} = {64E10705-CFA5-496E-B3E9-A5311AF4D61C}
		{D29C33A5-1E71-4364-9A64-0E1465A004CE} = {1CD6D0D3-00AF-4328-9EDF-EF34790ECB30}
		{1CD6D0D3-00AF-4328-9EDF-EF34790ECB30} = {A9C62431-5EB7-4B6D-8DF3-A0ADF7CC698C}
		{4192196B-8D1A-46C7-880F-1E1EB86B076D} = {A9C62431-5EB7-4B6D-8DF3-A0ADF7CC698C}
		{C58FEEE9-EE42-4E63-AE40-A9866121A842} = {A9C62431-5EB7-4B6D-8DF3-A0ADF7CC698C}
		{16D0E100-8457-438B-9655-CB8B9A2F333A} = {A9C62431-5EB7-4B6D-8DF3-A0ADF7CC698C}
		{2095A734-165F-4BC2-91E9-43781ED615FD} = {16D0E100-8457-438B-9655-CB8B9A2F333A}
		{226B0B54-F4B8-4C33-8C54-4810556C5BE5} = {C58FEEE9-EE42-4E63-AE40-A9866121A842}
		{4F1181B2-B274-41C4-9EC5-4CF6B4AAB295} = {4192196B-8D1A-46C7-880F-1E1EB86B076D}
		{0813B34C-009B-4D64-949A-D8631FAD76F7} = {64E10705-CFA5-496E-B3E9-A5311AF4D61C}
		{0B7C7FC3-D160-41F6-ABC6-D0D9AB82225F} = {0813B34C-009B-4D64-949A-D8631FAD76F7}
		{D1F8B57F-D890-4344-AE4A-6C085DB159B8} = {0813B34C-009B-4D64-949A-D8631FAD76F7}
		{85177DDD-D2FF-43E9-A132-9F3F80DE2FC5} = {0813B34C-009B-4D64-949A-D8631FAD76F7}
	EndGlobalSection
	GlobalSection(ExtensibilityGlobals) = postSolution
		SolutionGuid = {33210F0C-0849-4220-918C-DABF50E0D5B1}
	EndGlobalSection
EndGlobal
