
Microsoft Visual Studio Solution File, Format Version 12.00
# Visual Studio Version 17
VisualStudioVersion = 17.1.32328.378
MinimumVisualStudioVersion = 10.0.40219.1
Project("{2150E333-8FDC-42A3-9474-1A3956D46DE8}") = "01. Clients", "01. Clients", "{C42168DD-2F02-4092-A3CA-FA1E233D96C1}"
EndProject
Project("{2150E333-8FDC-42A3-9474-1A3956D46DE8}") = "02. Gateways", "02. Gateways", "{6E2B4764-C731-4AD9-A2E7-AC7E32C08280}"
EndProject
Project("{2150E333-8FDC-42A3-9474-1A3956D46DE8}") = "03. Services", "03. Services", "{64E10705-CFA5-496E-B3E9-A5311AF4D61C}"
EndProject
Project("{2150E333-8FDC-42A3-9474-1A3956D46DE8}") = "01. Identity", "01. Identity", "{508DB4DA-5B39-420C-9533-8511E99D0DFD}"
EndProject
Project("{2150E333-8FDC-42A3-9474-1A3956D46DE8}") = "02. Catalog", "02. Catalog", "{A9C62431-5EB7-4B6D-8DF3-A0ADF7CC698C}"
EndProject
Project("{2150E333-8FDC-42A3-9474-1A3956D46DE8}") = "03. Customer", "03. Customer", "{A4AF555D-5ABA-42B1-935A-57C13F8317B0}"
EndProject
Project("{2150E333-8FDC-42A3-9474-1A3956D46DE8}") = "04. Order", "04. Order", "{0692E18F-1C49-44CE-AF65-1DEA2D932DD1}"
EndProject
Project("{9A19103F-16F7-4668-BE54-9A1E7A4F7556}") = "Catalog.Api", "MOSHIN.Commerce\src\Services\Catalog\Catalog.Api\Catalog.Api.csproj", "{D29C33A5-1E71-4364-9A64-0E1465A004CE}"
EndProject
Project("{2150E333-8FDC-42A3-9474-1A3956D46DE8}") = "01. API", "01. API", "{1CD6D0D3-00AF-4328-9EDF-EF34790ECB30}"
EndProject
Project("{2150E333-8FDC-42A3-9474-1A3956D46DE8}") = "02. Services", "02. Services", "{4192196B-8D1A-46C7-880F-1E1EB86B076D}"
EndProject
Project("{2150E333-8FDC-42A3-9474-1A3956D46DE8}") = "03. Persistence", "03. Persistence", "{C58FEEE9-EE42-4E63-AE40-A9866121A842}"
EndProject
Project("{2150E333-8FDC-42A3-9474-1A3956D46DE8}") = "04. Models", "04. Models", "{16D0E100-8457-438B-9655-CB8B9A2F333A}"
EndProject
Project("{9A19103F-16F7-4668-BE54-9A1E7A4F7556}") = "Catalog.Domain", "MOSHIN.Commerce\src\Services\Catalog\Catalog.Domain\Catalog.Domain.csproj", "{2095A734-165F-4BC2-91E9-43781ED615FD}"
EndProject
Project("{9A19103F-16F7-4668-BE54-9A1E7A4F7556}") = "Catalog.Persistence.Database", "MOSHIN.Commerce\src\Services\Catalog\Catalog.PersistenceDatabase\Catalog.Persistence.Database.csproj", "{226B0B54-F4B8-4C33-8C54-4810556C5BE5}"
EndProject
Project("{9A19103F-16F7-4668-BE54-9A1E7A4F7556}") = "Catalog.Service.Queries", "MOSHIN.Commerce\src\Services\Catalog\Catalog.ServiceQueries\Catalog.Service.Queries.csproj", "{4F1181B2-B274-41C4-9EC5-4CF6B4AAB295}"
EndProject
Project("{2150E333-8FDC-42A3-9474-1A3956D46DE8}") = "05. Common", "05. Common", "{0813B34C-009B-4D64-949A-D8631FAD76F7}"
EndProject
Project("{9A19103F-16F7-4668-BE54-9A1E7A4F7556}") = "Service.Common.Collection", "MOSHIN.Commerce\src\Services\Common\Service.Common.Collection\Service.Common.Collection.csproj", "{0B7C7FC3-D160-41F6-ABC6-D0D9AB82225F}"
EndProject
Project("{9A19103F-16F7-4668-BE54-9A1E7A4F7556}") = "Service.Common.Mapping", "MOSHIN.Commerce\src\Services\Common\Service.Common.Mapping\Service.Common.Mapping.csproj", "{D1F8B57F-D890-4344-AE4A-6C085DB159B8}"
EndProject
Project("{9A19103F-16F7-4668-BE54-9A1E7A4F7556}") = "Service.Common.Paging", "MOSHIN.Commerce\src\Services\Common\Service.Common.Paging\Service.Common.Paging.csproj", "{85177DDD-D2FF-43E9-A132-9F3F80DE2FC5}"
EndProject
Project("{9A19103F-16F7-4668-BE54-9A1E7A4F7556}") = "Catalog.Service.EventHandlers", "MOSHIN.Commerce\src\Services\Catalog\Catalog.Service.EventHandlers\Catalog.Service.EventHandlers.csproj", "{F1CD8961-2AEB-4835-9E52-452017B18352}"
EndProject
Project("{2150E333-8FDC-42A3-9474-1A3956D46DE8}") = "05. Common", "05. Common", "{40878D5E-8633-4823-9265-A85028241C4A}"
EndProject
Project("{9A19103F-16F7-4668-BE54-9A1E7A4F7556}") = "Catalog.Common", "MOSHIN.Commerce\src\Services\Catalog\Catalog.Common\Catalog.Common.csproj", "{AADA5A07-7518-4F9A-A1E2-1FED786AEAC5}"
EndProject
Project("{9A19103F-16F7-4668-BE54-9A1E7A4F7556}") = "Service.Common.Logging", "MOSHIN.Commerce\src\Services\Common\Common.Logging\Service.Common.Logging.csproj", "{EFC15B0A-B220-4690-9517-28A0FEECA9A9}"
EndProject
Project("{2150E333-8FDC-42A3-9474-1A3956D46DE8}") = "06. Testing", "06. Testing", "{D28F7121-3DB8-425F-8CC4-F97808C61C8E}"
EndProject
Project("{FAE04EC0-301F-11D3-BF4B-00C04F79EFBC}") = "Catalog.Tests", "MOSHIN.Commerce\src\Services\Catalog\Catalog.Tests\Catalog.Tests.csproj", "{F00B6984-22F9-4A1B-BCB7-0474A7D6ACE1}"
EndProject
Project("{2150E333-8FDC-42A3-9474-1A3956D46DE8}") = "01. API", "01. API", "{C05EBC0E-982D-461E-99E7-E347ADA88FFF}"
EndProject
Project("{2150E333-8FDC-42A3-9474-1A3956D46DE8}") = "02. Services", "02. Services", "{BBD8A206-F81D-4BF3-A25C-645B316FF126}"
EndProject
Project("{2150E333-8FDC-42A3-9474-1A3956D46DE8}") = "03. Persistence", "03. Persistence", "{E2E5AC20-F307-4020-92A9-1632C94EED74}"
EndProject
Project("{2150E333-8FDC-42A3-9474-1A3956D46DE8}") = "04. Models", "04. Models", "{2424B355-62AA-47B9-ABF2-4CFDE3E2B2DC}"
EndProject
Project("{2150E333-8FDC-42A3-9474-1A3956D46DE8}") = "05. Testing", "05. Testing", "{EECF50CB-4129-4BC4-92FD-F63A313730AB}"
EndProject
Project("{FAE04EC0-301F-11D3-BF4B-00C04F79EFBC}") = "Customer.Api", "MOSHIN.Commerce\src\Services\Customer\Customer.Api\Customer.Api.csproj", "{764236BD-28B4-4360-8E1D-1926403ADE2A}"
EndProject
Project("{FAE04EC0-301F-11D3-BF4B-00C04F79EFBC}") = "Customer.Service.EventHandlers", "MOSHIN.Commerce\src\Services\Customer\Customer.Service.EventHandlers\Customer.Service.EventHandlers.csproj", "{68C8D534-2547-4E18-979D-A872916078E6}"
EndProject
Project("{FAE04EC0-301F-11D3-BF4B-00C04F79EFBC}") = "Customer.Service.Queries", "MOSHIN.Commerce\src\Services\Customer\Customer.Service.Queries\Customer.Service.Queries.csproj", "{39922D23-A38A-4286-BA46-7F555AA31B6D}"
EndProject
Project("{FAE04EC0-301F-11D3-BF4B-00C04F79EFBC}") = "Customer.Persistence.Database", "MOSHIN.Commerce\src\Services\Customer\Customer.Persistence.Database\Customer.Persistence.Database.csproj", "{2C586C53-FF0D-4BC8-B67E-5D4FD95BE55D}"
EndProject
Project("{FAE04EC0-301F-11D3-BF4B-00C04F79EFBC}") = "Customer.Domain", "MOSHIN.Commerce\src\Services\Customer\Customer.Domain\Customer.Domain.csproj", "{AF0F1BE9-51CA-48C8-8366-A3B425CB3C8E}"
EndProject
Project("{FAE04EC0-301F-11D3-BF4B-00C04F79EFBC}") = "Customer.Tests", "MOSHIN.Commerce\src\Services\Customer\Customer.Tests\Customer.Tests.csproj", "{D51008CE-2089-4233-9B5E-41AFDDFEC3C7}"
EndProject
Project("{2150E333-8FDC-42A3-9474-1A3956D46DE8}") = "01. API", "01. API", "{B651D440-0E03-43EF-A9D2-1E3CF2F0B840}"
EndProject
Project("{2150E333-8FDC-42A3-9474-1A3956D46DE8}") = "02. Services", "02. Services", "{B586B729-F408-46CE-A961-E6BCF85DDF91}"
EndProject
Project("{2150E333-8FDC-42A3-9474-1A3956D46DE8}") = "03. Persistence", "03. Persistence", "{F21A83EC-8182-46A1-B713-41687B02AF34}"
EndProject
Project("{2150E333-8FDC-42A3-9474-1A3956D46DE8}") = "04. Models", "04. Models", "{22C71D37-03F7-4952-949A-E19F6A01802C}"
EndProject
Project("{2150E333-8FDC-42A3-9474-1A3956D46DE8}") = "05. Testing", "05. Testing", "{86846CFE-2115-4E0C-9047-39596733CB29}"
EndProject
Project("{FAE04EC0-301F-11D3-BF4B-00C04F79EFBC}") = "Order.Domain", "MOSHIN.Commerce\src\Services\Order\Order.Domain\Order.Domain.csproj", "{820A1009-8A2E-4C75-8444-F1F2D0BCABB9}"
EndProject
Project("{2150E333-8FDC-42A3-9474-1A3956D46DE8}") = "06. Common", "06. Common", "{DE80D1B7-DC2E-4D32-A2B2-BCAD040A6D32}"
EndProject
Project("{FAE04EC0-301F-11D3-BF4B-00C04F79EFBC}") = "Order.Persistence.Database", "MOSHIN.Commerce\src\Services\Order\Order.Persistence.Database\Order.Persistence.Database.csproj", "{2CCE5B3B-1333-44BB-8422-83DA74E022BD}"
EndProject
Project("{FAE04EC0-301F-11D3-BF4B-00C04F79EFBC}") = "Order.Common", "MOSHIN.Commerce\src\Services\Order\Order.Common\Order.Common.csproj", "{E107C14E-C878-4E89-969A-49629D0229CD}"
EndProject
Global
	GlobalSection(SolutionConfigurationPlatforms) = preSolution
		Debug|Any CPU = Debug|Any CPU
		Release|Any CPU = Release|Any CPU
	EndGlobalSection
	GlobalSection(ProjectConfigurationPlatforms) = postSolution
		{D29C33A5-1E71-4364-9A64-0E1465A004CE}.Debug|Any CPU.ActiveCfg = Debug|Any CPU
		{D29C33A5-1E71-4364-9A64-0E1465A004CE}.Debug|Any CPU.Build.0 = Debug|Any CPU
		{D29C33A5-1E71-4364-9A64-0E1465A004CE}.Release|Any CPU.ActiveCfg = Release|Any CPU
		{D29C33A5-1E71-4364-9A64-0E1465A004CE}.Release|Any CPU.Build.0 = Release|Any CPU
		{2095A734-165F-4BC2-91E9-43781ED615FD}.Debug|Any CPU.ActiveCfg = Debug|Any CPU
		{2095A734-165F-4BC2-91E9-43781ED615FD}.Debug|Any CPU.Build.0 = Debug|Any CPU
		{2095A734-165F-4BC2-91E9-43781ED615FD}.Release|Any CPU.ActiveCfg = Release|Any CPU
		{2095A734-165F-4BC2-91E9-43781ED615FD}.Release|Any CPU.Build.0 = Release|Any CPU
		{226B0B54-F4B8-4C33-8C54-4810556C5BE5}.Debug|Any CPU.ActiveCfg = Debug|Any CPU
		{226B0B54-F4B8-4C33-8C54-4810556C5BE5}.Debug|Any CPU.Build.0 = Debug|Any CPU
		{226B0B54-F4B8-4C33-8C54-4810556C5BE5}.Release|Any CPU.ActiveCfg = Release|Any CPU
		{226B0B54-F4B8-4C33-8C54-4810556C5BE5}.Release|Any CPU.Build.0 = Release|Any CPU
		{4F1181B2-B274-41C4-9EC5-4CF6B4AAB295}.Debug|Any CPU.ActiveCfg = Debug|Any CPU
		{4F1181B2-B274-41C4-9EC5-4CF6B4AAB295}.Debug|Any CPU.Build.0 = Debug|Any CPU
		{4F1181B2-B274-41C4-9EC5-4CF6B4AAB295}.Release|Any CPU.ActiveCfg = Release|Any CPU
		{4F1181B2-B274-41C4-9EC5-4CF6B4AAB295}.Release|Any CPU.Build.0 = Release|Any CPU
		{0B7C7FC3-D160-41F6-ABC6-D0D9AB82225F}.Debug|Any CPU.ActiveCfg = Debug|Any CPU
		{0B7C7FC3-D160-41F6-ABC6-D0D9AB82225F}.Debug|Any CPU.Build.0 = Debug|Any CPU
		{0B7C7FC3-D160-41F6-ABC6-D0D9AB82225F}.Release|Any CPU.ActiveCfg = Release|Any CPU
		{0B7C7FC3-D160-41F6-ABC6-D0D9AB82225F}.Release|Any CPU.Build.0 = Release|Any CPU
		{D1F8B57F-D890-4344-AE4A-6C085DB159B8}.Debug|Any CPU.ActiveCfg = Debug|Any CPU
		{D1F8B57F-D890-4344-AE4A-6C085DB159B8}.Debug|Any CPU.Build.0 = Debug|Any CPU
		{D1F8B57F-D890-4344-AE4A-6C085DB159B8}.Release|Any CPU.ActiveCfg = Release|Any CPU
		{D1F8B57F-D890-4344-AE4A-6C085DB159B8}.Release|Any CPU.Build.0 = Release|Any CPU
		{85177DDD-D2FF-43E9-A132-9F3F80DE2FC5}.Debug|Any CPU.ActiveCfg = Debug|Any CPU
		{85177DDD-D2FF-43E9-A132-9F3F80DE2FC5}.Debug|Any CPU.Build.0 = Debug|Any CPU
		{85177DDD-D2FF-43E9-A132-9F3F80DE2FC5}.Release|Any CPU.ActiveCfg = Release|Any CPU
		{85177DDD-D2FF-43E9-A132-9F3F80DE2FC5}.Release|Any CPU.Build.0 = Release|Any CPU
		{F1CD8961-2AEB-4835-9E52-452017B18352}.Debug|Any CPU.ActiveCfg = Debug|Any CPU
		{F1CD8961-2AEB-4835-9E52-452017B18352}.Debug|Any CPU.Build.0 = Debug|Any CPU
		{F1CD8961-2AEB-4835-9E52-452017B18352}.Release|Any CPU.ActiveCfg = Release|Any CPU
		{F1CD8961-2AEB-4835-9E52-452017B18352}.Release|Any CPU.Build.0 = Release|Any CPU
		{AADA5A07-7518-4F9A-A1E2-1FED786AEAC5}.Debug|Any CPU.ActiveCfg = Debug|Any CPU
		{AADA5A07-7518-4F9A-A1E2-1FED786AEAC5}.Debug|Any CPU.Build.0 = Debug|Any CPU
		{AADA5A07-7518-4F9A-A1E2-1FED786AEAC5}.Release|Any CPU.ActiveCfg = Release|Any CPU
		{AADA5A07-7518-4F9A-A1E2-1FED786AEAC5}.Release|Any CPU.Build.0 = Release|Any CPU
		{EFC15B0A-B220-4690-9517-28A0FEECA9A9}.Debug|Any CPU.ActiveCfg = Debug|Any CPU
		{EFC15B0A-B220-4690-9517-28A0FEECA9A9}.Debug|Any CPU.Build.0 = Debug|Any CPU
		{EFC15B0A-B220-4690-9517-28A0FEECA9A9}.Release|Any CPU.ActiveCfg = Release|Any CPU
		{EFC15B0A-B220-4690-9517-28A0FEECA9A9}.Release|Any CPU.Build.0 = Release|Any CPU
		{F00B6984-22F9-4A1B-BCB7-0474A7D6ACE1}.Debug|Any CPU.ActiveCfg = Debug|Any CPU
		{F00B6984-22F9-4A1B-BCB7-0474A7D6ACE1}.Debug|Any CPU.Build.0 = Debug|Any CPU
		{F00B6984-22F9-4A1B-BCB7-0474A7D6ACE1}.Release|Any CPU.ActiveCfg = Release|Any CPU
		{F00B6984-22F9-4A1B-BCB7-0474A7D6ACE1}.Release|Any CPU.Build.0 = Release|Any CPU
		{764236BD-28B4-4360-8E1D-1926403ADE2A}.Debug|Any CPU.ActiveCfg = Debug|Any CPU
		{764236BD-28B4-4360-8E1D-1926403ADE2A}.Debug|Any CPU.Build.0 = Debug|Any CPU
		{764236BD-28B4-4360-8E1D-1926403ADE2A}.Release|Any CPU.ActiveCfg = Release|Any CPU
		{764236BD-28B4-4360-8E1D-1926403ADE2A}.Release|Any CPU.Build.0 = Release|Any CPU
		{68C8D534-2547-4E18-979D-A872916078E6}.Debug|Any CPU.ActiveCfg = Debug|Any CPU
		{68C8D534-2547-4E18-979D-A872916078E6}.Debug|Any CPU.Build.0 = Debug|Any CPU
		{68C8D534-2547-4E18-979D-A872916078E6}.Release|Any CPU.ActiveCfg = Release|Any CPU
		{68C8D534-2547-4E18-979D-A872916078E6}.Release|Any CPU.Build.0 = Release|Any CPU
		{39922D23-A38A-4286-BA46-7F555AA31B6D}.Debug|Any CPU.ActiveCfg = Debug|Any CPU
		{39922D23-A38A-4286-BA46-7F555AA31B6D}.Debug|Any CPU.Build.0 = Debug|Any CPU
		{39922D23-A38A-4286-BA46-7F555AA31B6D}.Release|Any CPU.ActiveCfg = Release|Any CPU
		{39922D23-A38A-4286-BA46-7F555AA31B6D}.Release|Any CPU.Build.0 = Release|Any CPU
		{2C586C53-FF0D-4BC8-B67E-5D4FD95BE55D}.Debug|Any CPU.ActiveCfg = Debug|Any CPU
		{2C586C53-FF0D-4BC8-B67E-5D4FD95BE55D}.Debug|Any CPU.Build.0 = Debug|Any CPU
		{2C586C53-FF0D-4BC8-B67E-5D4FD95BE55D}.Release|Any CPU.ActiveCfg = Release|Any CPU
		{2C586C53-FF0D-4BC8-B67E-5D4FD95BE55D}.Release|Any CPU.Build.0 = Release|Any CPU
		{AF0F1BE9-51CA-48C8-8366-A3B425CB3C8E}.Debug|Any CPU.ActiveCfg = Debug|Any CPU
		{AF0F1BE9-51CA-48C8-8366-A3B425CB3C8E}.Debug|Any CPU.Build.0 = Debug|Any CPU
		{AF0F1BE9-51CA-48C8-8366-A3B425CB3C8E}.Release|Any CPU.ActiveCfg = Release|Any CPU
		{AF0F1BE9-51CA-48C8-8366-A3B425CB3C8E}.Release|Any CPU.Build.0 = Release|Any CPU
		{D51008CE-2089-4233-9B5E-41AFDDFEC3C7}.Debug|Any CPU.ActiveCfg = Debug|Any CPU
		{D51008CE-2089-4233-9B5E-41AFDDFEC3C7}.Debug|Any CPU.Build.0 = Debug|Any CPU
		{D51008CE-2089-4233-9B5E-41AFDDFEC3C7}.Release|Any CPU.ActiveCfg = Release|Any CPU
		{D51008CE-2089-4233-9B5E-41AFDDFEC3C7}.Release|Any CPU.Build.0 = Release|Any CPU
		{820A1009-8A2E-4C75-8444-F1F2D0BCABB9}.Debug|Any CPU.ActiveCfg = Debug|Any CPU
		{820A1009-8A2E-4C75-8444-F1F2D0BCABB9}.Debug|Any CPU.Build.0 = Debug|Any CPU
		{820A1009-8A2E-4C75-8444-F1F2D0BCABB9}.Release|Any CPU.ActiveCfg = Release|Any CPU
		{820A1009-8A2E-4C75-8444-F1F2D0BCABB9}.Release|Any CPU.Build.0 = Release|Any CPU
		{2CCE5B3B-1333-44BB-8422-83DA74E022BD}.Debug|Any CPU.ActiveCfg = Debug|Any CPU
		{2CCE5B3B-1333-44BB-8422-83DA74E022BD}.Debug|Any CPU.Build.0 = Debug|Any CPU
		{2CCE5B3B-1333-44BB-8422-83DA74E022BD}.Release|Any CPU.ActiveCfg = Release|Any CPU
		{2CCE5B3B-1333-44BB-8422-83DA74E022BD}.Release|Any CPU.Build.0 = Release|Any CPU
		{E107C14E-C878-4E89-969A-49629D0229CD}.Debug|Any CPU.ActiveCfg = Debug|Any CPU
		{E107C14E-C878-4E89-969A-49629D0229CD}.Debug|Any CPU.Build.0 = Debug|Any CPU
		{E107C14E-C878-4E89-969A-49629D0229CD}.Release|Any CPU.ActiveCfg = Release|Any CPU
		{E107C14E-C878-4E89-969A-49629D0229CD}.Release|Any CPU.Build.0 = Release|Any CPU
	EndGlobalSection
	GlobalSection(SolutionProperties) = preSolution
		HideSolutionNode = FALSE
	EndGlobalSection
	GlobalSection(NestedProjects) = preSolution
		{508DB4DA-5B39-420C-9533-8511E99D0DFD} = {64E10705-CFA5-496E-B3E9-A5311AF4D61C}
		{A9C62431-5EB7-4B6D-8DF3-A0ADF7CC698C} = {64E10705-CFA5-496E-B3E9-A5311AF4D61C}
		{A4AF555D-5ABA-42B1-935A-57C13F8317B0} = {64E10705-CFA5-496E-B3E9-A5311AF4D61C}
		{0692E18F-1C49-44CE-AF65-1DEA2D932DD1} = {64E10705-CFA5-496E-B3E9-A5311AF4D61C}
		{D29C33A5-1E71-4364-9A64-0E1465A004CE} = {1CD6D0D3-00AF-4328-9EDF-EF34790ECB30}
		{1CD6D0D3-00AF-4328-9EDF-EF34790ECB30} = {A9C62431-5EB7-4B6D-8DF3-A0ADF7CC698C}
		{4192196B-8D1A-46C7-880F-1E1EB86B076D} = {A9C62431-5EB7-4B6D-8DF3-A0ADF7CC698C}
		{C58FEEE9-EE42-4E63-AE40-A9866121A842} = {A9C62431-5EB7-4B6D-8DF3-A0ADF7CC698C}
		{16D0E100-8457-438B-9655-CB8B9A2F333A} = {A9C62431-5EB7-4B6D-8DF3-A0ADF7CC698C}
		{2095A734-165F-4BC2-91E9-43781ED615FD} = {16D0E100-8457-438B-9655-CB8B9A2F333A}
		{226B0B54-F4B8-4C33-8C54-4810556C5BE5} = {C58FEEE9-EE42-4E63-AE40-A9866121A842}
		{4F1181B2-B274-41C4-9EC5-4CF6B4AAB295} = {4192196B-8D1A-46C7-880F-1E1EB86B076D}
		{0813B34C-009B-4D64-949A-D8631FAD76F7} = {64E10705-CFA5-496E-B3E9-A5311AF4D61C}
		{0B7C7FC3-D160-41F6-ABC6-D0D9AB82225F} = {0813B34C-009B-4D64-949A-D8631FAD76F7}
		{D1F8B57F-D890-4344-AE4A-6C085DB159B8} = {0813B34C-009B-4D64-949A-D8631FAD76F7}
		{85177DDD-D2FF-43E9-A132-9F3F80DE2FC5} = {0813B34C-009B-4D64-949A-D8631FAD76F7}
		{F1CD8961-2AEB-4835-9E52-452017B18352} = {4192196B-8D1A-46C7-880F-1E1EB86B076D}
		{40878D5E-8633-4823-9265-A85028241C4A} = {A9C62431-5EB7-4B6D-8DF3-A0ADF7CC698C}
		{AADA5A07-7518-4F9A-A1E2-1FED786AEAC5} = {40878D5E-8633-4823-9265-A85028241C4A}
		{EFC15B0A-B220-4690-9517-28A0FEECA9A9} = {0813B34C-009B-4D64-949A-D8631FAD76F7}
		{D28F7121-3DB8-425F-8CC4-F97808C61C8E} = {A9C62431-5EB7-4B6D-8DF3-A0ADF7CC698C}
		{F00B6984-22F9-4A1B-BCB7-0474A7D6ACE1} = {D28F7121-3DB8-425F-8CC4-F97808C61C8E}
		{C05EBC0E-982D-461E-99E7-E347ADA88FFF} = {A4AF555D-5ABA-42B1-935A-57C13F8317B0}
		{BBD8A206-F81D-4BF3-A25C-645B316FF126} = {A4AF555D-5ABA-42B1-935A-57C13F8317B0}
		{E2E5AC20-F307-4020-92A9-1632C94EED74} = {A4AF555D-5ABA-42B1-935A-57C13F8317B0}
		{2424B355-62AA-47B9-ABF2-4CFDE3E2B2DC} = {A4AF555D-5ABA-42B1-935A-57C13F8317B0}
		{EECF50CB-4129-4BC4-92FD-F63A313730AB} = {A4AF555D-5ABA-42B1-935A-57C13F8317B0}
		{764236BD-28B4-4360-8E1D-1926403ADE2A} = {C05EBC0E-982D-461E-99E7-E347ADA88FFF}
		{68C8D534-2547-4E18-979D-A872916078E6} = {BBD8A206-F81D-4BF3-A25C-645B316FF126}
		{39922D23-A38A-4286-BA46-7F555AA31B6D} = {BBD8A206-F81D-4BF3-A25C-645B316FF126}
		{2C586C53-FF0D-4BC8-B67E-5D4FD95BE55D} = {E2E5AC20-F307-4020-92A9-1632C94EED74}
		{AF0F1BE9-51CA-48C8-8366-A3B425CB3C8E} = {2424B355-62AA-47B9-ABF2-4CFDE3E2B2DC}
		{D51008CE-2089-4233-9B5E-41AFDDFEC3C7} = {EECF50CB-4129-4BC4-92FD-F63A313730AB}
		{B651D440-0E03-43EF-A9D2-1E3CF2F0B840} = {0692E18F-1C49-44CE-AF65-1DEA2D932DD1}
		{B586B729-F408-46CE-A961-E6BCF85DDF91} = {0692E18F-1C49-44CE-AF65-1DEA2D932DD1}
		{F21A83EC-8182-46A1-B713-41687B02AF34} = {0692E18F-1C49-44CE-AF65-1DEA2D932DD1}
		{22C71D37-03F7-4952-949A-E19F6A01802C} = {0692E18F-1C49-44CE-AF65-1DEA2D932DD1}
		{86846CFE-2115-4E0C-9047-39596733CB29} = {0692E18F-1C49-44CE-AF65-1DEA2D932DD1}
		{820A1009-8A2E-4C75-8444-F1F2D0BCABB9} = {22C71D37-03F7-4952-949A-E19F6A01802C}
		{DE80D1B7-DC2E-4D32-A2B2-BCAD040A6D32} = {0692E18F-1C49-44CE-AF65-1DEA2D932DD1}
		{2CCE5B3B-1333-44BB-8422-83DA74E022BD} = {F21A83EC-8182-46A1-B713-41687B02AF34}
		{E107C14E-C878-4E89-969A-49629D0229CD} = {DE80D1B7-DC2E-4D32-A2B2-BCAD040A6D32}
	EndGlobalSection
	GlobalSection(ExtensibilityGlobals) = postSolution
		SolutionGuid = {33210F0C-0849-4220-918C-DABF50E0D5B1}
	EndGlobalSection
EndGlobal
